
Microsoft Visual Studio Solution File, Format Version 12.00
# Visual Studio Version 17
VisualStudioVersion = 17.4.33213.308
MinimumVisualStudioVersion = 10.0.40219.1
Project("{FAE04EC0-301F-11D3-BF4B-00C04F79EFBC}") = "LibraryManagementSystem", "library_management\LibraryManagementSystem.csproj", "{6C8C5E1F-C157-47F7-9A9B-67222CCDD5CE}"
EndProject
Global
	GlobalSection(SolutionConfigurationPlatforms) = preSolution
		Debug|Any CPU = Debug|Any CPU
		Release|Any CPU = Release|Any CPU
	EndGlobalSection
	GlobalSection(ProjectConfigurationPlatforms) = postSolution
		{6C8C5E1F-C157-47F7-9A9B-67222CCDD5CE}.Debug|Any CPU.ActiveCfg = Debug|Any CPU
		{6C8C5E1F-C157-47F7-9A9B-67222CCDD5CE}.Debug|Any CPU.Build.0 = Debug|Any CPU
		{6C8C5E1F-C157-47F7-9A9B-67222CCDD5CE}.Release|Any CPU.ActiveCfg = Release|Any CPU
		{6C8C5E1F-C157-47F7-9A9B-67222CCDD5CE}.Release|Any CPU.Build.0 = Release|Any CPU
	EndGlobalSection
	GlobalSection(SolutionProperties) = preSolution
		HideSolutionNode = FALSE
	EndGlobalSection
	GlobalSection(ExtensibilityGlobals) = postSolution
		SolutionGuid = {55CFF4BB-E4CA-4619-8839-86B74088CCDA}
	EndGlobalSection
EndGlobal
